
Microsoft Visual Studio Solution File, Format Version 12.00
# Visual Studio Version 17
VisualStudioVersion = 17.10.35122.118
MinimumVisualStudioVersion = 10.0.40219.1
Project("{FAE04EC0-301F-11D3-BF4B-00C04F79EFBC}") = "ULSolutionSystem.API", "ULSolutionSystem.API\ULSolutionSystem.API.csproj", "{0046BD8B-AF31-438F-BFD7-4A247B1D11F8}"
EndProject
Global
	GlobalSection(SolutionConfigurationPlatforms) = preSolution
		Debug|Any CPU = Debug|Any CPU
		Release|Any CPU = Release|Any CPU
	EndGlobalSection
	GlobalSection(ProjectConfigurationPlatforms) = postSolution
		{0046BD8B-AF31-438F-BFD7-4A247B1D11F8}.Debug|Any CPU.ActiveCfg = Debug|Any CPU
		{0046BD8B-AF31-438F-BFD7-4A247B1D11F8}.Debug|Any CPU.Build.0 = Debug|Any CPU
		{0046BD8B-AF31-438F-BFD7-4A247B1D11F8}.Release|Any CPU.ActiveCfg = Release|Any CPU
		{0046BD8B-AF31-438F-BFD7-4A247B1D11F8}.Release|Any CPU.Build.0 = Release|Any CPU
	EndGlobalSection
	GlobalSection(SolutionProperties) = preSolution
		HideSolutionNode = FALSE
	EndGlobalSection
	GlobalSection(ExtensibilityGlobals) = postSolution
		SolutionGuid = {45FDFC64-4C16-4907-8BD6-836927810D3B}
	EndGlobalSection
EndGlobal
